// !$*UTF8*$!
{
	archiveVersion = 1;
	classes = {
	};
	objectVersion = 46;
	objects = {

/* Begin PBXBuildFile section */
		D1034E341EFE4BA6000A43EB /* main.m in Sources */ = {isa = PBXBuildFile; fileRef = D1034E331EFE4BA6000A43EB /* main.m */; };
		D1034E371EFE4BA6000A43EB /* AppDelegate.m in Sources */ = {isa = PBXBuildFile; fileRef = D1034E361EFE4BA6000A43EB /* AppDelegate.m */; };
		D1034E3A1EFE4BA6000A43EB /* ViewController.m in Sources */ = {isa = PBXBuildFile; fileRef = D1034E391EFE4BA6000A43EB /* ViewController.m */; };
		D1034E3D1EFE4BA6000A43EB /* Main.storyboard in Resources */ = {isa = PBXBuildFile; fileRef = D1034E3B1EFE4BA6000A43EB /* Main.storyboard */; };
		D1034E401EFE4BA6000A43EB /* tablesample.xcdatamodeld in Sources */ = {isa = PBXBuildFile; fileRef = D1034E3E1EFE4BA6000A43EB /* tablesample.xcdatamodeld */; };
		D1034E421EFE4BA6000A43EB /* Assets.xcassets in Resources */ = {isa = PBXBuildFile; fileRef = D1034E411EFE4BA6000A43EB /* Assets.xcassets */; };
		D1034E451EFE4BA6000A43EB /* LaunchScreen.storyboard in Resources */ = {isa = PBXBuildFile; fileRef = D1034E431EFE4BA6000A43EB /* LaunchScreen.storyboard */; };
		D1034E4E1EFE4FB1000A43EB /* modalViewSampleController.m in Sources */ = {isa = PBXBuildFile; fileRef = D1034E4D1EFE4FB1000A43EB /* modalViewSampleController.m */; };
		D1034E501EFE50AC000A43EB /* modalViewSampleController.xib in Resources */ = {isa = PBXBuildFile; fileRef = D1034E4F1EFE50AC000A43EB /* modalViewSampleController.xib */; };
/* End PBXBuildFile section */

/* Begin PBXFileReference section */
		D1034E2F1EFE4BA6000A43EB /* tablesample.app */ = {isa = PBXFileReference; explicitFileType = wrapper.application; includeInIndex = 0; path = tablesample.app; sourceTree = BUILT_PRODUCTS_DIR; };
		D1034E331EFE4BA6000A43EB /* main.m */ = {isa = PBXFileReference; lastKnownFileType = sourcecode.c.objc; path = main.m; sourceTree = "<group>"; };
		D1034E351EFE4BA6000A43EB /* AppDelegate.h */ = {isa = PBXFileReference; lastKnownFileType = sourcecode.c.h; path = AppDelegate.h; sourceTree = "<group>"; };
		D1034E361EFE4BA6000A43EB /* AppDelegate.m */ = {isa = PBXFileReference; lastKnownFileType = sourcecode.c.objc; path = AppDelegate.m; sourceTree = "<group>"; };
		D1034E381EFE4BA6000A43EB /* ViewController.h */ = {isa = PBXFileReference; lastKnownFileType = sourcecode.c.h; path = ViewController.h; sourceTree = "<group>"; };
		D1034E391EFE4BA6000A43EB /* ViewController.m */ = {isa = PBXFileReference; lastKnownFileType = sourcecode.c.objc; path = ViewController.m; sourceTree = "<group>"; };
		D1034E3C1EFE4BA6000A43EB /* Base */ = {isa = PBXFileReference; lastKnownFileType = file.storyboard; name = Base; path = Base.lproj/Main.storyboard; sourceTree = "<group>"; };
		D1034E3F1EFE4BA6000A43EB /* tablesample.xcdatamodel */ = {isa = PBXFileReference; lastKnownFileType = wrapper.xcdatamodel; path = tablesample.xcdatamodel; sourceTree = "<group>"; };
		D1034E411EFE4BA6000A43EB /* Assets.xcassets */ = {isa = PBXFileReference; lastKnownFileType = folder.assetcatalog; path = Assets.xcassets; sourceTree = "<group>"; };
		D1034E441EFE4BA6000A43EB /* Base */ = {isa = PBXFileReference; lastKnownFileType = file.storyboard; name = Base; path = Base.lproj/LaunchScreen.storyboard; sourceTree = "<group>"; };
		D1034E461EFE4BA6000A43EB /* Info.plist */ = {isa = PBXFileReference; lastKnownFileType = text.plist.xml; path = Info.plist; sourceTree = "<group>"; };
		D1034E4C1EFE4FB1000A43EB /* modalViewSampleController.h */ = {isa = PBXFileReference; fileEncoding = 4; lastKnownFileType = sourcecode.c.h; path = modalViewSampleController.h; sourceTree = "<group>"; };
		D1034E4D1EFE4FB1000A43EB /* modalViewSampleController.m */ = {isa = PBXFileReference; fileEncoding = 4; lastKnownFileType = sourcecode.c.objc; path = modalViewSampleController.m; sourceTree = "<group>"; };
		D1034E4F1EFE50AC000A43EB /* modalViewSampleController.xib */ = {isa = PBXFileReference; fileEncoding = 4; lastKnownFileType = file.xib; path = modalViewSampleController.xib; sourceTree = "<group>"; };
/* End PBXFileReference section */

/* Begin PBXFrameworksBuildPhase section */
		D1034E2C1EFE4BA6000A43EB /* Frameworks */ = {
			isa = PBXFrameworksBuildPhase;
			buildActionMask = 2147483647;
			files = (
			);
			runOnlyForDeploymentPostprocessing = 0;
		};
/* End PBXFrameworksBuildPhase section */

/* Begin PBXGroup section */
		D1034E261EFE4BA6000A43EB = {
			isa = PBXGroup;
			children = (
				D1034E311EFE4BA6000A43EB /* tablesample */,
				D1034E301EFE4BA6000A43EB /* Products */,
			);
			sourceTree = "<group>";
		};
		D1034E301EFE4BA6000A43EB /* Products */ = {
			isa = PBXGroup;
			children = (
				D1034E2F1EFE4BA6000A43EB /* tablesample.app */,
			);
			name = Products;
			sourceTree = "<group>";
		};
		D1034E311EFE4BA6000A43EB /* tablesample */ = {
			isa = PBXGroup;
			children = (
				D1034E351EFE4BA6000A43EB /* AppDelegate.h */,
				D1034E361EFE4BA6000A43EB /* AppDelegate.m */,
				D1034E381EFE4BA6000A43EB /* ViewController.h */,
				D1034E391EFE4BA6000A43EB /* ViewController.m */,
				D1034E3B1EFE4BA6000A43EB /* Main.storyboard */,
				D1034E4C1EFE4FB1000A43EB /* modalViewSampleController.h */,
				D1034E4D1EFE4FB1000A43EB /* modalViewSampleController.m */,
				D1034E4F1EFE50AC000A43EB /* modalViewSampleController.xib */,
				D1034E411EFE4BA6000A43EB /* Assets.xcassets */,
				D1034E431EFE4BA6000A43EB /* LaunchScreen.storyboard */,
				D1034E461EFE4BA6000A43EB /* Info.plist */,
				D1034E3E1EFE4BA6000A43EB /* tablesample.xcdatamodeld */,
				D1034E321EFE4BA6000A43EB /* Supporting Files */,
			);
			path = tablesample;
			sourceTree = "<group>";
		};
		D1034E321EFE4BA6000A43EB /* Supporting Files */ = {
			isa = PBXGroup;
			children = (
				D1034E331EFE4BA6000A43EB /* main.m */,
			);
			name = "Supporting Files";
			sourceTree = "<group>";
		};
/* End PBXGroup section */

/* Begin PBXNativeTarget section */
		D1034E2E1EFE4BA6000A43EB /* tablesample */ = {
			isa = PBXNativeTarget;
			buildConfigurationList = D1034E491EFE4BA6000A43EB /* Build configuration list for PBXNativeTarget "tablesample" */;
			buildPhases = (
				D1034E2B1EFE4BA6000A43EB /* Sources */,
				D1034E2C1EFE4BA6000A43EB /* Frameworks */,
				D1034E2D1EFE4BA6000A43EB /* Resources */,
			);
			buildRules = (
			);
			dependencies = (
			);
			name = tablesample;
			productName = tablesample;
			productReference = D1034E2F1EFE4BA6000A43EB /* tablesample.app */;
			productType = "com.apple.product-type.application";
		};
/* End PBXNativeTarget section */

/* Begin PBXProject section */
		D1034E271EFE4BA6000A43EB /* Project object */ = {
			isa = PBXProject;
			attributes = {
				LastUpgradeCheck = 0730;
				ORGANIZATIONNAME = tokonatsutan;
				TargetAttributes = {
					D1034E2E1EFE4BA6000A43EB = {
						CreatedOnToolsVersion = 7.3.1;
					};
				};
			};
			buildConfigurationList = D1034E2A1EFE4BA6000A43EB /* Build configuration list for PBXProject "tablesample" */;
			compatibilityVersion = "Xcode 3.2";
			developmentRegion = English;
			hasScannedForEncodings = 0;
			knownRegions = (
				en,
				Base,
			);
			mainGroup = D1034E261EFE4BA6000A43EB;
			productRefGroup = D1034E301EFE4BA6000A43EB /* Products */;
			projectDirPath = "";
			projectRoot = "";
			targets = (
				D1034E2E1EFE4BA6000A43EB /* tablesample */,
			);
		};
/* End PBXProject section */

/* Begin PBXResourcesBuildPhase section */
		D1034E2D1EFE4BA6000A43EB /* Resources */ = {
			isa = PBXResourcesBuildPhase;
			buildActionMask = 2147483647;
			files = (
				D1034E451EFE4BA6000A43EB /* LaunchScreen.storyboard in Resources */,
				D1034E501EFE50AC000A43EB /* modalViewSampleController.xib in Resources */,
				D1034E421EFE4BA6000A43EB /* Assets.xcassets in Resources */,
				D1034E3D1EFE4BA6000A43EB /* Main.storyboard in Resources */,
			);
			runOnlyForDeploymentPostprocessing = 0;
		};
/* End PBXResourcesBuildPhase section */

/* Begin PBXSourcesBuildPhase section */
		D1034E2B1EFE4BA6000A43EB /* Sources */ = {
			isa = PBXSourcesBuildPhase;
			buildActionMask = 2147483647;
			files = (
				D1034E4E1EFE4FB1000A43EB /* modalViewSampleController.m in Sources */,
				D1034E3A1EFE4BA6000A43EB /* ViewController.m in Sources */,
				D1034E371EFE4BA6000A43EB /* AppDelegate.m in Sources */,
				D1034E401EFE4BA6000A43EB /* tablesample.xcdatamodeld in Sources */,
				D1034E341EFE4BA6000A43EB /* main.m in Sources */,
			);
			runOnlyForDeploymentPostprocessing = 0;
		};
/* End PBXSourcesBuildPhase section */

/* Begin PBXVariantGroup section */
		D1034E3B1EFE4BA6000A43EB /* Main.storyboard */ = {
			isa = PBXVariantGroup;
			children = (
				D1034E3C1EFE4BA6000A43EB /* Base */,
			);
			name = Main.storyboard;
			sourceTree = "<group>";
		};
		D1034E431EFE4BA6000A43EB /* LaunchScreen.storyboard */ = {
			isa = PBXVariantGroup;
			children = (
				D1034E441EFE4BA6000A43EB /* Base */,
			);
			name = LaunchScreen.storyboard;
			sourceTree = "<group>";
		};
/* End PBXVariantGroup section */

/* Begin XCBuildConfiguration section */
		D1034E471EFE4BA6000A43EB /* Debug */ = {
			isa = XCBuildConfiguration;
			buildSettings = {
				ALWAYS_SEARCH_USER_PATHS = NO;
				CLANG_ANALYZER_NONNULL = YES;
				CLANG_CXX_LANGUAGE_STANDARD = "gnu++0x";
				CLANG_CXX_LIBRARY = "libc++";
				CLANG_ENABLE_MODULES = YES;
				CLANG_ENABLE_OBJC_ARC = YES;
				CLANG_WARN_BOOL_CONVERSION = YES;
				CLANG_WARN_CONSTANT_CONVERSION = YES;
				CLANG_WARN_DIRECT_OBJC_ISA_USAGE = YES_ERROR;
				CLANG_WARN_EMPTY_BODY = YES;
				CLANG_WARN_ENUM_CONVERSION = YES;
				CLANG_WARN_INT_CONVERSION = YES;
				CLANG_WARN_OBJC_ROOT_CLASS = YES_ERROR;
				CLANG_WARN_UNREACHABLE_CODE = YES;
				CLANG_WARN__DUPLICATE_METHOD_MATCH = YES;
				"CODE_SIGN_IDENTITY[sdk=iphoneos*]" = "iPhone Developer";
				COPY_PHASE_STRIP = NO;
				DEBUG_INFORMATION_FORMAT = dwarf;
				ENABLE_STRICT_OBJC_MSGSEND = YES;
				ENABLE_TESTABILITY = YES;
				GCC_C_LANGUAGE_STANDARD = gnu99;
				GCC_DYNAMIC_NO_PIC = NO;
				GCC_NO_COMMON_BLOCKS = YES;
				GCC_OPTIMIZATION_LEVEL = 0;
				GCC_PREPROCESSOR_DEFINITIONS = (
					"DEBUG=1",
					"$(inherited)",
				);
				GCC_WARN_64_TO_32_BIT_CONVERSION = YES;
				GCC_WARN_ABOUT_RETURN_TYPE = YES_ERROR;
				GCC_WARN_UNDECLARED_SELECTOR = YES;
				GCC_WARN_UNINITIALIZED_AUTOS = YES_AGGRESSIVE;
				GCC_WARN_UNUSED_FUNCTION = YES;
				GCC_WARN_UNUSED_VARIABLE = YES;
				IPHONEOS_DEPLOYMENT_TARGET = 9.3;
				MTL_ENABLE_DEBUG_INFO = YES;
				ONLY_ACTIVE_ARCH = YES;
				SDKROOT = iphoneos;
			};
			name = Debug;
		};
		D1034E481EFE4BA6000A43EB /* Release */ = {
			isa = XCBuildConfiguration;
			buildSettings = {
				ALWAYS_SEARCH_USER_PATHS = NO;
				CLANG_ANALYZER_NONNULL = YES;
				CLANG_CXX_LANGUAGE_STANDARD = "gnu++0x";
				CLANG_CXX_LIBRARY = "libc++";
				CLANG_ENABLE_MODULES = YES;
				CLANG_ENABLE_OBJC_ARC = YES;
				CLANG_WARN_BOOL_CONVERSION = YES;
				CLANG_WARN_CONSTANT_CONVERSION = YES;
				CLANG_WARN_DIRECT_OBJC_ISA_USAGE = YES_ERROR;
				CLANG_WARN_EMPTY_BODY = YES;
				CLANG_WARN_ENUM_CONVERSION = YES;
				CLANG_WARN_INT_CONVERSION = YES;
				CLANG_WARN_OBJC_ROOT_CLASS = YES_ERROR;
				CLANG_WARN_UNREACHABLE_CODE = YES;
				CLANG_WARN__DUPLICATE_METHOD_MATCH = YES;
				"CODE_SIGN_IDENTITY[sdk=iphoneos*]" = "iPhone Developer";
				COPY_PHASE_STRIP = NO;
				DEBUG_INFORMATION_FORMAT = "dwarf-with-dsym";
				ENABLE_NS_ASSERTIONS = NO;
				ENABLE_STRICT_OBJC_MSGSEND = YES;
				GCC_C_LANGUAGE_STANDARD = gnu99;
				GCC_NO_COMMON_BLOCKS = YES;
				GCC_WARN_64_TO_32_BIT_CONVERSION = YES;
				GCC_WARN_ABOUT_RETURN_TYPE = YES_ERROR;
				GCC_WARN_UNDECLARED_SELECTOR = YES;
				GCC_WARN_UNINITIALIZED_AUTOS = YES_AGGRESSIVE;
				GCC_WARN_UNUSED_FUNCTION = YES;
				GCC_WARN_UNUSED_VARIABLE = YES;
				IPHONEOS_DEPLOYMENT_TARGET = 9.3;
				MTL_ENABLE_DEBUG_INFO = NO;
				SDKROOT = iphoneos;
				VALIDATE_PRODUCT = YES;
			};
			name = Release;
		};
		D1034E4A1EFE4BA6000A43EB /* Debug */ = {
			isa = XCBuildConfiguration;
			buildSettings = {
				ASSETCATALOG_COMPILER_APPICON_NAME = AppIcon;
				CODE_SIGN_IDENTITY = "iPhone Developer";
				"CODE_SIGN_IDENTITY[sdk=iphoneos*]" = "iPhone Developer";
				INFOPLIST_FILE = tablesample/Info.plist;
				LD_RUNPATH_SEARCH_PATHS = "$(inherited) @executable_path/Frameworks";
				PRODUCT_BUNDLE_IDENTIFIER = com.xxx.tablesample;
				PRODUCT_NAME = "$(TARGET_NAME)";
				PROVISIONING_PROFILE = "";
				TARGETED_DEVICE_FAMILY = 1;
			};
			name = Debug;
		};
		D1034E4B1EFE4BA6000A43EB /* Release */ = {
			isa = XCBuildConfiguration;
			buildSettings = {
				ASSETCATALOG_COMPILER_APPICON_NAME = AppIcon;
				CODE_SIGN_IDENTITY = "iPhone Developer";
				"CODE_SIGN_IDENTITY[sdk=iphoneos*]" = "iPhone Developer";
				INFOPLIST_FILE = tablesample/Info.plist;
				LD_RUNPATH_SEARCH_PATHS = "$(inherited) @executable_path/Frameworks";
				PRODUCT_BUNDLE_IDENTIFIER = com.xxx.tablesample;
				PRODUCT_NAME = "$(TARGET_NAME)";
				PROVISIONING_PROFILE = "";
				TARGETED_DEVICE_FAMILY = 1;
			};
			name = Release;
		};
/* End XCBuildConfiguration section */

/* Begin XCConfigurationList section */
		D1034E2A1EFE4BA6000A43EB /* Build configuration list for PBXProject "tablesample" */ = {
			isa = XCConfigurationList;
			buildConfigurations = (
				D1034E471EFE4BA6000A43EB /* Debug */,
				D1034E481EFE4BA6000A43EB /* Release */,
			);
			defaultConfigurationIsVisible = 0;
			defaultConfigurationName = Release;
		};
		D1034E491EFE4BA6000A43EB /* Build configuration list for PBXNativeTarget "tablesample" */ = {
			isa = XCConfigurationList;
			buildConfigurations = (
				D1034E4A1EFE4BA6000A43EB /* Debug */,
				D1034E4B1EFE4BA6000A43EB /* Release */,
			);
			defaultConfigurationIsVisible = 0;
			defaultConfigurationName = Release;
		};
/* End XCConfigurationList section */

/* Begin XCVersionGroup section */
		D1034E3E1EFE4BA6000A43EB /* tablesample.xcdatamodeld */ = {
			isa = XCVersionGroup;
			children = (
				D1034E3F1EFE4BA6000A43EB /* tablesample.xcdatamodel */,
			);
			currentVersion = D1034E3F1EFE4BA6000A43EB /* tablesample.xcdatamodel */;
			path = tablesample.xcdatamodeld;
			sourceTree = "<group>";
			versionGroupType = wrapper.xcdatamodel;
		};
/* End XCVersionGroup section */
	};
	rootObject = D1034E271EFE4BA6000A43EB /* Project object */;
}
